
Microsoft Visual Studio Solution File, Format Version 12.00
# Visual Studio Version 17
VisualStudioVersion = 17.5.002.0
MinimumVisualStudioVersion = 10.0.40219.1
Project("{9A19103F-16F7-4668-BE54-9A1E7A4F7556}") = "WslPdfApi", "WslPdfApi.csproj", "{F8531203-1D98-4779-AF9C-BC9E312E8A8A}"
EndProject
Global
	GlobalSection(SolutionConfigurationPlatforms) = preSolution
		Debug|Any CPU = Debug|Any CPU
		Release|Any CPU = Release|Any CPU
	EndGlobalSection
	GlobalSection(ProjectConfigurationPlatforms) = postSolution
		{F8531203-1D98-4779-AF9C-BC9E312E8A8A}.Debug|Any CPU.ActiveCfg = Debug|Any CPU
		{F8531203-1D98-4779-AF9C-BC9E312E8A8A}.Debug|Any CPU.Build.0 = Debug|Any CPU
		{F8531203-1D98-4779-AF9C-BC9E312E8A8A}.Release|Any CPU.ActiveCfg = Release|Any CPU
		{F8531203-1D98-4779-AF9C-BC9E312E8A8A}.Release|Any CPU.Build.0 = Release|Any CPU
	EndGlobalSection
	GlobalSection(SolutionProperties) = preSolution
		HideSolutionNode = FALSE
	EndGlobalSection
	GlobalSection(ExtensibilityGlobals) = postSolution
		SolutionGuid = {BEFB57C6-9162-4D95-AFEC-D33BD82710A9}
	EndGlobalSection
EndGlobal
